
Microsoft Visual Studio Solution File, Format Version 12.00
# Visual Studio 15
VisualStudioVersion = 15.0.28307.329
MinimumVisualStudioVersion = 10.0.40219.1
Project("{FAE04EC0-301F-11D3-BF4B-00C04F79EFBC}") = "MvcTodoAppva", "MvcTodoAppva\MvcTodoAppva.csproj", "{79988B4F-A315-48C8-A7F2-EA0BB5820620}"
EndProject
Global
	GlobalSection(SolutionConfigurationPlatforms) = preSolution
		Debug|Any CPU = Debug|Any CPU
		Release|Any CPU = Release|Any CPU
	EndGlobalSection
	GlobalSection(ProjectConfigurationPlatforms) = postSolution
		{79988B4F-A315-48C8-A7F2-EA0BB5820620}.Debug|Any CPU.ActiveCfg = Debug|Any CPU
		{79988B4F-A315-48C8-A7F2-EA0BB5820620}.Debug|Any CPU.Build.0 = Debug|Any CPU
		{79988B4F-A315-48C8-A7F2-EA0BB5820620}.Release|Any CPU.ActiveCfg = Release|Any CPU
		{79988B4F-A315-48C8-A7F2-EA0BB5820620}.Release|Any CPU.Build.0 = Release|Any CPU
	EndGlobalSection
	GlobalSection(SolutionProperties) = preSolution
		HideSolutionNode = FALSE
	EndGlobalSection
	GlobalSection(ExtensibilityGlobals) = postSolution
		SolutionGuid = {3A95270A-F77C-421B-8061-EA57296D9E05}
	EndGlobalSection
EndGlobal
